{
  "lockfile_version": "1",
  "packages": {
    "bashInteractive@latest": {
      "last_modified": "2025-02-18T07:26:52Z",
      "resolved": "github:NixOS/nixpkgs/632f04521e847173c54fa72973ec6c39a371211c#bashInteractive",
      "source": "devbox-search",
      "version": "5.2p37",
      "systems": {
        "aarch64-darwin": {
          "outputs": [
            {
              "name": "out",
              "path": "/nix/store/7ppd0j3scxlgz9v106iqr4i05vs6dv8f-bash-interactive-5.2p37",
              "default": true
            },
            {
              "name": "man",
              "path": "/nix/store/nzc4d74xz6bp89xszgjhdlq4ajbbd10h-bash-interactive-5.2p37-man",
              "default": true
            },
            {
              "name": "doc",
              "path": "/nix/store/v0jlsh1n4lpjgxkxxyjqnjps6n2x6vj5-bash-interactive-5.2p37-doc"
            },
            {
              "name": "info",
              "path": "/nix/store/87j2izkwdn6i1cf9y375yjgnvxz9lrg8-bash-interactive-5.2p37-info"
            },
            {
              "name": "dev",
              "path": "/nix/store/kx703ixl474lkcqqhvxg26yg0x85f3b1-bash-interactive-5.2p37-dev"
            }
          ],
          "store_path": "/nix/store/7ppd0j3scxlgz9v106iqr4i05vs6dv8f-bash-interactive-5.2p37"
        },
        "aarch64-linux": {
          "outputs": [
            {
              "name": "out",
              "path": "/nix/store/vvqi8n8awklfv97y6k4jxsg0w8h1970v-bash-interactive-5.2p37",
              "default": true
            },
            {
              "name": "man",
              "path": "/nix/store/5ddbmjnr0mq32dj6h8aq3rcbyimdl6ia-bash-interactive-5.2p37-man",
              "default": true
            },
            {
              "name": "debug",
              "path": "/nix/store/84nn6g0xy17zlk878bis7i68hbiarhfg-bash-interactive-5.2p37-debug"
            },
            {
              "name": "dev",
              "path": "/nix/store/ljmn5pga4ymyjqbv85dwnsl5df052jzr-bash-interactive-5.2p37-dev"
            },
            {
              "name": "doc",
              "path": "/nix/store/x01w1mllkj0sa9iify8jpic62prw6lig-bash-interactive-5.2p37-doc"
            },
            {
              "name": "info",
              "path": "/nix/store/09fx54503xdgdnf94av8j64xssh5bw8a-bash-interactive-5.2p37-info"
            }
          ],
          "store_path": "/nix/store/vvqi8n8awklfv97y6k4jxsg0w8h1970v-bash-interactive-5.2p37"
        },
        "x86_64-darwin": {
          "outputs": [
            {
              "name": "out",
              "path": "/nix/store/s9wvs6kf32zhj7qva5sw4dy3zkzswxr4-bash-interactive-5.2p37",
              "default": true
            },
            {
              "name": "man",
              "path": "/nix/store/4ji6s1891jchnb8vnagildjxkr2mla6k-bash-interactive-5.2p37-man",
              "default": true
            },
            {
              "name": "dev",
              "path": "/nix/store/spdv87vmb47v0hq56jzz58db61sbbp1s-bash-interactive-5.2p37-dev"
            },
            {
              "name": "doc",
              "path": "/nix/store/fvvlrpn5d74aph62jszkby62ynn3ys15-bash-interactive-5.2p37-doc"
            },
            {
              "name": "info",
              "path": "/nix/store/f3v1r7jxmznfvidcbr4fgkxsp51qkn1k-bash-interactive-5.2p37-info"
            }
          ],
          "store_path": "/nix/store/s9wvs6kf32zhj7qva5sw4dy3zkzswxr4-bash-interactive-5.2p37"
        },
        "x86_64-linux": {
          "outputs": [
            {
              "name": "out",
              "path": "/nix/store/6vpzxqaqvwiyqywssfavs1s51b4cgsin-bash-interactive-5.2p37",
              "default": true
            },
            {
              "name": "man",
              "path": "/nix/store/q6rlnvrv67j8p7gqhyy25b4chhgql5p7-bash-interactive-5.2p37-man",
              "default": true
            },
            {
              "name": "doc",
              "path": "/nix/store/blywgvpya7499zza1a3q3d50l9lnkvj8-bash-interactive-5.2p37-doc"
            },
            {
              "name": "info",
              "path": "/nix/store/f3kcpir9lkb6n3ybdyz1f9fqi32d05mw-bash-interactive-5.2p37-info"
            },
            {
              "name": "debug",
              "path": "/nix/store/wl0idy04ap0cq9m7zica1v30qzrh8d6f-bash-interactive-5.2p37-debug"
            },
            {
              "name": "dev",
              "path": "/nix/store/4bk1q0hsar2p83950m4miv4ddhfalxh4-bash-interactive-5.2p37-dev"
            }
          ],
          "store_path": "/nix/store/6vpzxqaqvwiyqywssfavs1s51b4cgsin-bash-interactive-5.2p37"
        }
      }
    },
    "git-gamble@latest": {
      "last_modified": "2025-07-02T23:15:33Z",
      "resolved": "github:NixOS/nixpkgs/d55716bb59b91ae9d1ced4b1ccdea7a442ecbfdb#git-gamble",
      "source": "devbox-search",
      "version": "2.11.0",
      "systems": {
        "aarch64-darwin": {
          "outputs": [
            {
              "name": "out",
              "path": "/nix/store/vpv2zjq44cyy94x90b3hs0y6w5p4p5kc-git-gamble-2.11.0",
              "default": true
            }
          ],
          "store_path": "/nix/store/vpv2zjq44cyy94x90b3hs0y6w5p4p5kc-git-gamble-2.11.0"
        },
        "aarch64-linux": {
          "outputs": [
            {
              "name": "out",
              "path": "/nix/store/xk0gnlqb77x2s0rmagivvi10g1fp9sdm-git-gamble-2.11.0",
              "default": true
            }
          ],
          "store_path": "/nix/store/xk0gnlqb77x2s0rmagivvi10g1fp9sdm-git-gamble-2.11.0"
        },
        "x86_64-darwin": {
          "outputs": [
            {
              "name": "out",
              "path": "/nix/store/zd3r4b1gnd8zvl95jskcjzgbk61x9gqm-git-gamble-2.11.0",
              "default": true
            }
          ],
          "store_path": "/nix/store/zd3r4b1gnd8zvl95jskcjzgbk61x9gqm-git-gamble-2.11.0"
        },
        "x86_64-linux": {
          "outputs": [
            {
              "name": "out",
              "path": "/nix/store/d7qhz18snlwy2jryigpfm361cj8dhz45-git-gamble-2.11.0",
              "default": true
            }
          ],
          "store_path": "/nix/store/d7qhz18snlwy2jryigpfm361cj8dhz45-git-gamble-2.11.0"
        }
      }
    },
    "github:NixOS/nixpkgs/nixpkgs-unstable": {
      "last_modified": "2025-07-08T04:39:49Z",
      "resolved": "github:NixOS/nixpkgs/9b008d60392981ad674e04016d25619281550a9d?lastModified=1751949589&narHash=sha256-mgFxAPLWw0Kq%2BC8P3dRrZrOYEQXOtKuYVlo9xvPntt8%3D"
    },
    "mask@latest": {
      "last_modified": "2025-07-04T10:39:05Z",
      "resolved": "github:NixOS/nixpkgs/c860cf0b3a0829f0f6cf344ca8de83a2bbfab428#mask",
      "source": "devbox-search",
      "version": "0.11.6",
      "systems": {
        "aarch64-darwin": {
          "outputs": [
            {
              "name": "out",
              "path": "/nix/store/b012mvm5inf8kwq5naifqv23x99gk86g-mask-0.11.6",
              "default": true
            }
          ],
          "store_path": "/nix/store/b012mvm5inf8kwq5naifqv23x99gk86g-mask-0.11.6"
        },
        "aarch64-linux": {
          "outputs": [
            {
              "name": "out",
              "path": "/nix/store/m0ldcyyp1v8vp4fyl416z8g2ql8w56f7-mask-0.11.6",
              "default": true
            }
          ],
          "store_path": "/nix/store/m0ldcyyp1v8vp4fyl416z8g2ql8w56f7-mask-0.11.6"
        },
        "x86_64-darwin": {
          "outputs": [
            {
              "name": "out",
              "path": "/nix/store/71xq8vaqqwv9z2fk15nbzdzswzchc6dp-mask-0.11.6",
              "default": true
            }
          ],
          "store_path": "/nix/store/71xq8vaqqwv9z2fk15nbzdzswzchc6dp-mask-0.11.6"
        },
        "x86_64-linux": {
          "outputs": [
            {
              "name": "out",
              "path": "/nix/store/n6w53shdjdfkqf9szf2l4pddyaf79s50-mask-0.11.6",
              "default": true
            }
          ],
          "store_path": "/nix/store/n6w53shdjdfkqf9szf2l4pddyaf79s50-mask-0.11.6"
        }
      }
    },
    "poetry@latest": {
      "last_modified": "2025-06-22T15:15:55Z",
      "plugin_version": "0.0.4",
      "resolved": "github:NixOS/nixpkgs/3078b9a9e75f1790e6d6ef9955fdc6a2d1740cc6#poetry",
      "source": "devbox-search",
      "version": "2.1.3",
      "systems": {
        "aarch64-darwin": {
          "outputs": [
            {
              "name": "out",
              "path": "/nix/store/bv1llp7nvc75r7fknavv0zif0rxd0c80-python3.13-poetry-2.1.3",
              "default": true
            },
            {
              "name": "dist",
              "path": "/nix/store/ssc7x63vdyapzylrkh9r0aab90jbxgvf-python3.13-poetry-2.1.3-dist"
            }
          ],
          "store_path": "/nix/store/bv1llp7nvc75r7fknavv0zif0rxd0c80-python3.13-poetry-2.1.3"
        },
        "aarch64-linux": {
          "outputs": [
            {
              "name": "out",
              "path": "/nix/store/80js0jwl0lfa3kn7jzjm7vbn1hc46h59-python3.13-poetry-2.1.3",
              "default": true
            },
            {
              "name": "dist",
              "path": "/nix/store/mmwhc390yqcvpwvx6i01zxm3r1njygdx-python3.13-poetry-2.1.3-dist"
            }
          ],
          "store_path": "/nix/store/80js0jwl0lfa3kn7jzjm7vbn1hc46h59-python3.13-poetry-2.1.3"
        },
        "x86_64-darwin": {
          "outputs": [
            {
              "name": "out",
              "path": "/nix/store/c3fbb66gwas15qvi92aglpggdd3w6qh6-python3.13-poetry-2.1.3",
              "default": true
            },
            {
              "name": "dist",
              "path": "/nix/store/2njvmni65bhrlplmmcrv9wm3593p4crb-python3.13-poetry-2.1.3-dist"
            }
          ],
          "store_path": "/nix/store/c3fbb66gwas15qvi92aglpggdd3w6qh6-python3.13-poetry-2.1.3"
        },
        "x86_64-linux": {
          "outputs": [
            {
              "name": "out",
              "path": "/nix/store/b9drk2s30pmay7v381lh28d0k2448sq5-python3.13-poetry-2.1.3",
              "default": true
            },
            {
              "name": "dist",
              "path": "/nix/store/a3mz4jcrb7q1rzzjm58lkqcg5agv0qpc-python3.13-poetry-2.1.3-dist"
            }
          ],
          "store_path": "/nix/store/b9drk2s30pmay7v381lh28d0k2448sq5-python3.13-poetry-2.1.3"
        }
      }
    },
    "python@latest": {
      "last_modified": "2025-05-16T20:19:48Z",
      "plugin_version": "0.0.4",
      "resolved": "github:NixOS/nixpkgs/12a55407652e04dcf2309436eb06fef0d3713ef3#python313",
      "source": "devbox-search",
      "version": "3.13.3",
      "systems": {
        "aarch64-darwin": {
          "outputs": [
            {
              "name": "out",
              "path": "/nix/store/1a8xg8l3m67hxinxzzcsak9736qm9vsf-python3-3.13.3",
              "default": true
            }
          ],
          "store_path": "/nix/store/1a8xg8l3m67hxinxzzcsak9736qm9vsf-python3-3.13.3"
        },
        "aarch64-linux": {
          "outputs": [
            {
              "name": "out",
              "path": "/nix/store/yy0xvc2rydhrs0h1v8d7r3sql347xzz5-python3-3.13.3",
              "default": true
            },
            {
              "name": "debug",
              "path": "/nix/store/42bxfqfrh8cwspl7szr0cw8739xv8qlq-python3-3.13.3-debug"
            }
          ],
          "store_path": "/nix/store/yy0xvc2rydhrs0h1v8d7r3sql347xzz5-python3-3.13.3"
        },
        "x86_64-darwin": {
          "outputs": [
            {
              "name": "out",
              "path": "/nix/store/gbrigjhghz9v2p0zf9b2fnvs0g0yx7q4-python3-3.13.3",
              "default": true
            }
          ],
          "store_path": "/nix/store/gbrigjhghz9v2p0zf9b2fnvs0g0yx7q4-python3-3.13.3"
        },
        "x86_64-linux": {
          "outputs": [
            {
              "name": "out",
              "path": "/nix/store/2mab9iiwhcqwk75qwvp3zv0bvbiaq6cs-python3-3.13.3",
              "default": true
            },
            {
              "name": "debug",
              "path": "/nix/store/9z6k8ijl2md0y2n95yprbjj4vxbfsi15-python3-3.13.3-debug"
            }
          ],
          "store_path": "/nix/store/2mab9iiwhcqwk75qwvp3zv0bvbiaq6cs-python3-3.13.3"
        }
      }
    },
    "ruff@latest": {
      "last_modified": "2025-07-04T10:39:05Z",
      "resolved": "github:NixOS/nixpkgs/c860cf0b3a0829f0f6cf344ca8de83a2bbfab428#ruff",
      "source": "devbox-search",
      "version": "0.12.2",
      "systems": {
        "aarch64-darwin": {
          "outputs": [
            {
              "name": "out",
              "path": "/nix/store/n4fwdrnhriykllm5n9l26nmwxjj5lr0n-ruff-0.12.2",
              "default": true
            }
          ],
          "store_path": "/nix/store/n4fwdrnhriykllm5n9l26nmwxjj5lr0n-ruff-0.12.2"
        },
        "aarch64-linux": {
          "outputs": [
            {
              "name": "out",
              "path": "/nix/store/hx7g79zbbbxkwvgs0np18aldvg1vphkx-ruff-0.12.2",
              "default": true
            }
          ],
          "store_path": "/nix/store/hx7g79zbbbxkwvgs0np18aldvg1vphkx-ruff-0.12.2"
        },
        "x86_64-darwin": {
          "outputs": [
            {
              "name": "out",
              "path": "/nix/store/hy7mkckn5a7kppfavixqlph4i8dbkjqg-ruff-0.12.2",
              "default": true
            }
          ],
          "store_path": "/nix/store/hy7mkckn5a7kppfavixqlph4i8dbkjqg-ruff-0.12.2"
        },
        "x86_64-linux": {
          "outputs": [
            {
              "name": "out",
              "path": "/nix/store/5qaaflll204w79dg407wfcp43gi6nzbw-ruff-0.12.2",
              "default": true
            }
          ],
          "store_path": "/nix/store/5qaaflll204w79dg407wfcp43gi6nzbw-ruff-0.12.2"
        }
      }
    },
    "watchexec@latest": {
      "last_modified": "2025-06-20T02:24:11Z",
      "resolved": "github:NixOS/nixpkgs/076e8c6678d8c54204abcb4b1b14c366835a58bb#watchexec",
      "source": "devbox-search",
      "version": "2.3.2",
      "systems": {
        "aarch64-darwin": {
          "outputs": [
            {
              "name": "out",
              "path": "/nix/store/fxcxmjy50praw77dn7h2myhdps56a9nh-watchexec-2.3.2",
              "default": true
            }
          ],
          "store_path": "/nix/store/fxcxmjy50praw77dn7h2myhdps56a9nh-watchexec-2.3.2"
        },
        "aarch64-linux": {
          "outputs": [
            {
              "name": "out",
              "path": "/nix/store/lvyazq0pfgw6y7cih1ibq8mqhmmk5ldl-watchexec-2.3.2",
              "default": true
            }
          ],
          "store_path": "/nix/store/lvyazq0pfgw6y7cih1ibq8mqhmmk5ldl-watchexec-2.3.2"
        },
        "x86_64-darwin": {
          "outputs": [
            {
              "name": "out",
              "path": "/nix/store/n6q9djl042r9pwxf805zn399cpv96yns-watchexec-2.3.2",
              "default": true
            }
          ],
          "store_path": "/nix/store/n6q9djl042r9pwxf805zn399cpv96yns-watchexec-2.3.2"
        },
        "x86_64-linux": {
          "outputs": [
            {
              "name": "out",
              "path": "/nix/store/hh35j1vvsd9x3mrvbalyi504b7k827q3-watchexec-2.3.2",
              "default": true
            }
          ],
          "store_path": "/nix/store/hh35j1vvsd9x3mrvbalyi504b7k827q3-watchexec-2.3.2"
        }
      }
    }
  }
}
