# This file was autogenerated by Stack.
# You should not edit this file by hand.
# For more information, please see the documentation at:
#   https://docs.haskellstack.org/en/stable/topics/lock_files

packages: []
snapshots:
- completed:
    sha256: ee1c47465e66f2e8f295308e8ffba905d68fb32e047d7df1fc9ea752583b0f4d
    size: 732684
    url: https://raw.githubusercontent.com/commercialhaskell/stackage-snapshots/master/lts/24/51.yaml
  original:
    url: https://raw.githubusercontent.com/commercialhaskell/stackage-snapshots/master/lts/24/51.yaml
