{
  "lockfile_version": "1",
  "packages": {
    "bashInteractive@latest": {
      "last_modified": "2024-01-07T11:22:52Z",
      "resolved": "github:NixOS/nixpkgs/24fe8bb4f552ad3926274d29e083b79d84707da6#bashInteractive",
      "source": "devbox-search",
      "version": "5.2-p21",
      "systems": {
        "aarch64-darwin": {
          "store_path": "/nix/store/8rxm4jzw1dddm53rpc2zdqgafadn7d5n-bash-interactive-5.2-p21"
        },
        "aarch64-linux": {
          "store_path": "/nix/store/mlwhfj15aa8x4s0ybbgm51fpmgx9vxc0-bash-interactive-5.2-p21"
        },
        "x86_64-darwin": {
          "store_path": "/nix/store/7v7vmgf7cwjdqpqbspqg4xx037ydrhlc-bash-interactive-5.2-p21"
        },
        "x86_64-linux": {
          "store_path": "/nix/store/l6l2q7c6xvlb44rxbkpajssz6cma2hwd-bash-interactive-5.2-p21"
        }
      }
    },
    "mask@latest": {
      "last_modified": "2023-12-13T22:54:10Z",
      "resolved": "github:NixOS/nixpkgs/fd04bea4cbf76f86f244b9e2549fca066db8ddff#mask",
      "source": "devbox-search",
      "version": "0.11.4",
      "systems": {
        "aarch64-darwin": {
          "store_path": "/nix/store/9nnban9fybfma89yf15izgna1xa75yws-mask-0.11.4"
        },
        "aarch64-linux": {
          "store_path": "/nix/store/fkmvg959imyxczhsdgdiz75vwkbzxqsx-mask-0.11.4"
        },
        "x86_64-darwin": {
          "store_path": "/nix/store/726hwl845z322q9602lmch1f3gb85zm2-mask-0.11.4"
        },
        "x86_64-linux": {
          "store_path": "/nix/store/zk0n7f6n0knvinc7yh04xxzjgndn5bpr-mask-0.11.4"
        }
      }
    },
    "poetry@latest": {
      "last_modified": "2023-12-13T22:54:10Z",
      "plugin_version": "0.0.4",
      "resolved": "github:NixOS/nixpkgs/fd04bea4cbf76f86f244b9e2549fca066db8ddff#poetry",
      "source": "devbox-search",
      "version": "1.7.1",
      "systems": {
        "aarch64-darwin": {
          "store_path": "/nix/store/xdp0dyglkkfrny00ij665wg1jgywy0lj-python3.11-poetry-1.7.1"
        },
        "aarch64-linux": {
          "store_path": "/nix/store/0bwwm54qxchxnrn34h6qflx9cvgpmcwc-python3.11-poetry-1.7.1"
        },
        "x86_64-darwin": {
          "store_path": "/nix/store/vwlkmaxd6cx8w3a7b4lb0iljqwdxbv74-python3.11-poetry-1.7.1"
        },
        "x86_64-linux": {
          "store_path": "/nix/store/22if7pp1p4l03lgxi3ix5nam7dg4isjm-python3.11-poetry-1.7.1"
        }
      }
    },
    "python@latest": {
      "last_modified": "2023-12-13T22:54:10Z",
      "plugin_version": "0.0.3",
      "resolved": "github:NixOS/nixpkgs/fd04bea4cbf76f86f244b9e2549fca066db8ddff#python312",
      "source": "devbox-search",
      "version": "3.12.1",
      "systems": {
        "aarch64-darwin": {
          "store_path": "/nix/store/ph2c8v66fnn59bjd3n6gf6ijby35fy97-python3-3.12.1"
        },
        "aarch64-linux": {
          "store_path": "/nix/store/crw8ipyh7njx484zssl8h2cw4kg1dr4r-python3-3.12.1"
        },
        "x86_64-darwin": {
          "store_path": "/nix/store/fl15fnagapcq8csawqpbbifjlhx7wxgg-python3-3.12.1"
        },
        "x86_64-linux": {
          "store_path": "/nix/store/3vcbpxqx9lq044manf6jnkri8krifz5s-python3-3.12.1"
        }
      }
    },
    "watchexec@latest": {
      "last_modified": "2024-01-07T11:22:52Z",
      "resolved": "github:NixOS/nixpkgs/24fe8bb4f552ad3926274d29e083b79d84707da6#watchexec",
      "source": "devbox-search",
      "version": "1.25.0",
      "systems": {
        "aarch64-darwin": {
          "store_path": "/nix/store/21nyi2s9ijzjfmzj0vn9kcr28psrbwyw-watchexec-1.25.0"
        },
        "aarch64-linux": {
          "store_path": "/nix/store/wwfbcy6w3rawigxp81cgzhc1qxvpjmah-watchexec-1.25.0"
        },
        "x86_64-darwin": {
          "store_path": "/nix/store/05ff9630h1lcrb1ifzvp9j1lizz6p6iy-watchexec-1.25.0"
        },
        "x86_64-linux": {
          "store_path": "/nix/store/3fypqadvqwqssbqwi2w98fvpdxchvkm1-watchexec-1.25.0"
        }
      }
    }
  }
}
