{
  "lockfile_version": "1",
  "packages": {
    "bashInteractive@latest": {
      "last_modified": "2025-02-18T07:26:52Z",
      "resolved": "github:NixOS/nixpkgs/632f04521e847173c54fa72973ec6c39a371211c#bashInteractive",
      "source": "devbox-search",
      "version": "5.2p37",
      "systems": {
        "aarch64-darwin": {
          "outputs": [
            {
              "name": "out",
              "path": "/nix/store/7ppd0j3scxlgz9v106iqr4i05vs6dv8f-bash-interactive-5.2p37",
              "default": true
            },
            {
              "name": "man",
              "path": "/nix/store/nzc4d74xz6bp89xszgjhdlq4ajbbd10h-bash-interactive-5.2p37-man",
              "default": true
            },
            {
              "name": "doc",
              "path": "/nix/store/v0jlsh1n4lpjgxkxxyjqnjps6n2x6vj5-bash-interactive-5.2p37-doc"
            },
            {
              "name": "info",
              "path": "/nix/store/87j2izkwdn6i1cf9y375yjgnvxz9lrg8-bash-interactive-5.2p37-info"
            },
            {
              "name": "dev",
              "path": "/nix/store/kx703ixl474lkcqqhvxg26yg0x85f3b1-bash-interactive-5.2p37-dev"
            }
          ],
          "store_path": "/nix/store/7ppd0j3scxlgz9v106iqr4i05vs6dv8f-bash-interactive-5.2p37"
        },
        "aarch64-linux": {
          "outputs": [
            {
              "name": "out",
              "path": "/nix/store/vvqi8n8awklfv97y6k4jxsg0w8h1970v-bash-interactive-5.2p37",
              "default": true
            },
            {
              "name": "man",
              "path": "/nix/store/5ddbmjnr0mq32dj6h8aq3rcbyimdl6ia-bash-interactive-5.2p37-man",
              "default": true
            },
            {
              "name": "debug",
              "path": "/nix/store/84nn6g0xy17zlk878bis7i68hbiarhfg-bash-interactive-5.2p37-debug"
            },
            {
              "name": "dev",
              "path": "/nix/store/ljmn5pga4ymyjqbv85dwnsl5df052jzr-bash-interactive-5.2p37-dev"
            },
            {
              "name": "doc",
              "path": "/nix/store/x01w1mllkj0sa9iify8jpic62prw6lig-bash-interactive-5.2p37-doc"
            },
            {
              "name": "info",
              "path": "/nix/store/09fx54503xdgdnf94av8j64xssh5bw8a-bash-interactive-5.2p37-info"
            }
          ],
          "store_path": "/nix/store/vvqi8n8awklfv97y6k4jxsg0w8h1970v-bash-interactive-5.2p37"
        },
        "x86_64-darwin": {
          "outputs": [
            {
              "name": "out",
              "path": "/nix/store/s9wvs6kf32zhj7qva5sw4dy3zkzswxr4-bash-interactive-5.2p37",
              "default": true
            },
            {
              "name": "man",
              "path": "/nix/store/4ji6s1891jchnb8vnagildjxkr2mla6k-bash-interactive-5.2p37-man",
              "default": true
            },
            {
              "name": "dev",
              "path": "/nix/store/spdv87vmb47v0hq56jzz58db61sbbp1s-bash-interactive-5.2p37-dev"
            },
            {
              "name": "doc",
              "path": "/nix/store/fvvlrpn5d74aph62jszkby62ynn3ys15-bash-interactive-5.2p37-doc"
            },
            {
              "name": "info",
              "path": "/nix/store/f3v1r7jxmznfvidcbr4fgkxsp51qkn1k-bash-interactive-5.2p37-info"
            }
          ],
          "store_path": "/nix/store/s9wvs6kf32zhj7qva5sw4dy3zkzswxr4-bash-interactive-5.2p37"
        },
        "x86_64-linux": {
          "outputs": [
            {
              "name": "out",
              "path": "/nix/store/6vpzxqaqvwiyqywssfavs1s51b4cgsin-bash-interactive-5.2p37",
              "default": true
            },
            {
              "name": "man",
              "path": "/nix/store/q6rlnvrv67j8p7gqhyy25b4chhgql5p7-bash-interactive-5.2p37-man",
              "default": true
            },
            {
              "name": "doc",
              "path": "/nix/store/blywgvpya7499zza1a3q3d50l9lnkvj8-bash-interactive-5.2p37-doc"
            },
            {
              "name": "info",
              "path": "/nix/store/f3kcpir9lkb6n3ybdyz1f9fqi32d05mw-bash-interactive-5.2p37-info"
            },
            {
              "name": "debug",
              "path": "/nix/store/wl0idy04ap0cq9m7zica1v30qzrh8d6f-bash-interactive-5.2p37-debug"
            },
            {
              "name": "dev",
              "path": "/nix/store/4bk1q0hsar2p83950m4miv4ddhfalxh4-bash-interactive-5.2p37-dev"
            }
          ],
          "store_path": "/nix/store/6vpzxqaqvwiyqywssfavs1s51b4cgsin-bash-interactive-5.2p37"
        }
      }
    },
    "deno@latest": {
      "last_modified": "2025-08-09T20:54:02Z",
      "resolved": "github:NixOS/nixpkgs/1ef586712f85b4b004caecd385d6b023e7fd2450#deno",
      "source": "devbox-search",
      "version": "2.4.3",
      "systems": {
        "aarch64-darwin": {
          "outputs": [
            {
              "name": "out",
              "path": "/nix/store/lcs1hak1b5qbham5z3vdwnylb72cy3ap-deno-2.4.3",
              "default": true
            }
          ],
          "store_path": "/nix/store/lcs1hak1b5qbham5z3vdwnylb72cy3ap-deno-2.4.3"
        },
        "aarch64-linux": {
          "outputs": [
            {
              "name": "out",
              "path": "/nix/store/8y67n5jc9wjrjpqm0v5dwpv8ibpgir7g-deno-2.4.3",
              "default": true
            }
          ],
          "store_path": "/nix/store/8y67n5jc9wjrjpqm0v5dwpv8ibpgir7g-deno-2.4.3"
        },
        "x86_64-darwin": {
          "outputs": [
            {
              "name": "out",
              "path": "/nix/store/mppyg2s0cdaf5qbsh720pygd6ddanp3g-deno-2.4.3",
              "default": true
            }
          ],
          "store_path": "/nix/store/mppyg2s0cdaf5qbsh720pygd6ddanp3g-deno-2.4.3"
        },
        "x86_64-linux": {
          "outputs": [
            {
              "name": "out",
              "path": "/nix/store/0nzhidvw1qwbxhlc175iq11nglgs61js-deno-2.4.3",
              "default": true
            }
          ],
          "store_path": "/nix/store/0nzhidvw1qwbxhlc175iq11nglgs61js-deno-2.4.3"
        }
      }
    },
    "git-gamble@latest": {
      "last_modified": "2025-07-28T17:09:23Z",
      "resolved": "github:NixOS/nixpkgs/648f70160c03151bc2121d179291337ad6bc564b#git-gamble",
      "source": "devbox-search",
      "version": "2.11.0",
      "systems": {
        "aarch64-darwin": {
          "outputs": [
            {
              "name": "out",
              "path": "/nix/store/y9wsjqbk39iqrihchriikcn8gaikd50m-git-gamble-2.11.0",
              "default": true
            }
          ],
          "store_path": "/nix/store/y9wsjqbk39iqrihchriikcn8gaikd50m-git-gamble-2.11.0"
        },
        "aarch64-linux": {
          "outputs": [
            {
              "name": "out",
              "path": "/nix/store/wfixvscwam7jv1y7h727dzf3lfczpxc6-git-gamble-2.11.0",
              "default": true
            }
          ],
          "store_path": "/nix/store/wfixvscwam7jv1y7h727dzf3lfczpxc6-git-gamble-2.11.0"
        },
        "x86_64-darwin": {
          "outputs": [
            {
              "name": "out",
              "path": "/nix/store/6jsbf5j9jncg5g5572j5rlx4g28mj4x3-git-gamble-2.11.0",
              "default": true
            }
          ],
          "store_path": "/nix/store/6jsbf5j9jncg5g5572j5rlx4g28mj4x3-git-gamble-2.11.0"
        },
        "x86_64-linux": {
          "outputs": [
            {
              "name": "out",
              "path": "/nix/store/hvk8gbwblkfpkg2rqf98dbhiwpq5aha9-git-gamble-2.11.0",
              "default": true
            }
          ],
          "store_path": "/nix/store/hvk8gbwblkfpkg2rqf98dbhiwpq5aha9-git-gamble-2.11.0"
        }
      }
    },
    "github:NixOS/nixpkgs/nixpkgs-unstable": {
      "last_modified": "2025-09-01T03:15:32Z",
      "resolved": "github:NixOS/nixpkgs/58dcbf1ec551914c3756c267b8b9c8c86baa1b2f?lastModified=1756696532&narHash=sha256-6FWagzm0b7I%2FIGigOv9pr6LL7NQ86mextfE8g8Q6HBg%3D"
    },
    "mask@latest": {
      "last_modified": "2025-08-03T19:18:05Z",
      "resolved": "github:NixOS/nixpkgs/bf9fa86a9b1005d932f842edf2c38eeecc98eef3#mask",
      "source": "devbox-search",
      "version": "0.11.6",
      "systems": {
        "aarch64-darwin": {
          "outputs": [
            {
              "name": "out",
              "path": "/nix/store/ybmqcy9ds1lrzh8fydf3hsr968fwwsx7-mask-0.11.6",
              "default": true
            }
          ],
          "store_path": "/nix/store/ybmqcy9ds1lrzh8fydf3hsr968fwwsx7-mask-0.11.6"
        },
        "aarch64-linux": {
          "outputs": [
            {
              "name": "out",
              "path": "/nix/store/50wnbrh5mdl6z4wahvfdc54wcy84s9r7-mask-0.11.6",
              "default": true
            }
          ],
          "store_path": "/nix/store/50wnbrh5mdl6z4wahvfdc54wcy84s9r7-mask-0.11.6"
        },
        "x86_64-darwin": {
          "outputs": [
            {
              "name": "out",
              "path": "/nix/store/pxl62ia6rl32yiarjjk1g7d1gyzkragw-mask-0.11.6",
              "default": true
            }
          ],
          "store_path": "/nix/store/pxl62ia6rl32yiarjjk1g7d1gyzkragw-mask-0.11.6"
        },
        "x86_64-linux": {
          "outputs": [
            {
              "name": "out",
              "path": "/nix/store/if7rpjxy9xhb5rwl14cs2blvaqzf2dzc-mask-0.11.6",
              "default": true
            }
          ],
          "store_path": "/nix/store/if7rpjxy9xhb5rwl14cs2blvaqzf2dzc-mask-0.11.6"
        }
      }
    }
  }
}
