{
  "lockfile_version": "1",
  "packages": {
    "bashInteractive@latest": {
      "last_modified": "2024-05-06T23:18:04Z",
      "resolved": "github:NixOS/nixpkgs/ad7efee13e0d216bf29992311536fce1d3eefbef#bashInteractive",
      "source": "devbox-search",
      "version": "5.2p26",
      "systems": {
        "aarch64-darwin": {
          "outputs": [
            {
              "name": "out",
              "path": "/nix/store/5qc7bwpcxnc21zgqr8kzb0r84p9g8wp5-bash-interactive-5.2p26",
              "default": true
            },
            {
              "name": "man",
              "path": "/nix/store/78ifkyw04rqkvwhj688dnyw0k1m0zyxb-bash-interactive-5.2p26-man",
              "default": true
            },
            {
              "name": "info",
              "path": "/nix/store/gpzmkji5hvp0sd317dg371k29ry5w9qd-bash-interactive-5.2p26-info"
            },
            {
              "name": "dev",
              "path": "/nix/store/cs0qwdmhx8ihz6fsnl006xk41kw7z4vz-bash-interactive-5.2p26-dev"
            },
            {
              "name": "doc",
              "path": "/nix/store/2iqwa0hj3hs3bm6iwv0gazi2lrnalw3l-bash-interactive-5.2p26-doc"
            }
          ],
          "store_path": "/nix/store/5qc7bwpcxnc21zgqr8kzb0r84p9g8wp5-bash-interactive-5.2p26"
        },
        "aarch64-linux": {
          "outputs": [
            {
              "name": "out",
              "path": "/nix/store/inylljb5s6qs83c4xj84l2aq44l08yzr-bash-interactive-5.2p26",
              "default": true
            },
            {
              "name": "man",
              "path": "/nix/store/53kf9sv5i1blmlw02vd4hv73rkmxzslx-bash-interactive-5.2p26-man",
              "default": true
            },
            {
              "name": "debug",
              "path": "/nix/store/khfzrlckn4m0apg7m4kwgb5ph1mygd7m-bash-interactive-5.2p26-debug"
            },
            {
              "name": "dev",
              "path": "/nix/store/la5kbcw52j22niv0aairyykn021qxapv-bash-interactive-5.2p26-dev"
            },
            {
              "name": "doc",
              "path": "/nix/store/a0xhj0niij4vcfl88zhj117w3zsvcass-bash-interactive-5.2p26-doc"
            },
            {
              "name": "info",
              "path": "/nix/store/w3xc0wl435wfnwdxql4i510gqxyncjcj-bash-interactive-5.2p26-info"
            }
          ],
          "store_path": "/nix/store/inylljb5s6qs83c4xj84l2aq44l08yzr-bash-interactive-5.2p26"
        },
        "x86_64-darwin": {
          "outputs": [
            {
              "name": "out",
              "path": "/nix/store/4x579rpw4ahj757q678a6kmaq1awi33s-bash-interactive-5.2p26",
              "default": true
            },
            {
              "name": "man",
              "path": "/nix/store/jfq630nssns7nag291vcyx01wj1v7w5q-bash-interactive-5.2p26-man",
              "default": true
            },
            {
              "name": "dev",
              "path": "/nix/store/720x58gvq0kv8725ciyfb66ywww4szky-bash-interactive-5.2p26-dev"
            },
            {
              "name": "doc",
              "path": "/nix/store/9c32z2sjq5631mymwn4b2ndpnbvg28kc-bash-interactive-5.2p26-doc"
            },
            {
              "name": "info",
              "path": "/nix/store/n6hij2ac6hw74z5bc18gi2jivp134bz8-bash-interactive-5.2p26-info"
            }
          ],
          "store_path": "/nix/store/4x579rpw4ahj757q678a6kmaq1awi33s-bash-interactive-5.2p26"
        },
        "x86_64-linux": {
          "outputs": [
            {
              "name": "out",
              "path": "/nix/store/ddnli8jf61g96xlmfgfnav5cf041pq95-bash-interactive-5.2p26",
              "default": true
            },
            {
              "name": "man",
              "path": "/nix/store/ky0k63ax1afd4qd2habl7mg55hpq8pkv-bash-interactive-5.2p26-man",
              "default": true
            },
            {
              "name": "debug",
              "path": "/nix/store/fhn238yvb831zv2as9v8y1y47vd9pb09-bash-interactive-5.2p26-debug"
            },
            {
              "name": "dev",
              "path": "/nix/store/n1rkq7iz5vzg57433v2q2r1p7yzifpqa-bash-interactive-5.2p26-dev"
            },
            {
              "name": "doc",
              "path": "/nix/store/fgckfkybnh87z7phin5lpngmc2nw8f0c-bash-interactive-5.2p26-doc"
            },
            {
              "name": "info",
              "path": "/nix/store/mq3ksqv0i8sbi34c47ad6y09mc1r58mf-bash-interactive-5.2p26-info"
            }
          ],
          "store_path": "/nix/store/ddnli8jf61g96xlmfgfnav5cf041pq95-bash-interactive-5.2p26"
        }
      }
    },
    "mask@latest": {
      "last_modified": "2024-05-01T20:12:28Z",
      "resolved": "github:NixOS/nixpkgs/1c74cc292b61614e74c1cf0d372f79d57fb4936b#mask",
      "source": "devbox-search",
      "version": "0.11.4",
      "systems": {
        "aarch64-darwin": {
          "outputs": [
            {
              "name": "out",
              "path": "/nix/store/ikg7brzibv382a015qhx3m2d4isw6c20-mask-0.11.4",
              "default": true
            }
          ],
          "store_path": "/nix/store/ikg7brzibv382a015qhx3m2d4isw6c20-mask-0.11.4"
        },
        "aarch64-linux": {
          "outputs": [
            {
              "name": "out",
              "path": "/nix/store/r03jfs8fmqvl3ripb46cfifiid72n5qp-mask-0.11.4",
              "default": true
            }
          ],
          "store_path": "/nix/store/r03jfs8fmqvl3ripb46cfifiid72n5qp-mask-0.11.4"
        },
        "x86_64-darwin": {
          "outputs": [
            {
              "name": "out",
              "path": "/nix/store/sfj4xyiihhxfbcrj0c12myd6x0pg856f-mask-0.11.4",
              "default": true
            }
          ],
          "store_path": "/nix/store/sfj4xyiihhxfbcrj0c12myd6x0pg856f-mask-0.11.4"
        },
        "x86_64-linux": {
          "outputs": [
            {
              "name": "out",
              "path": "/nix/store/2kxm7h4hzzjwa9b9rwpyv6b9lg6yg8fi-mask-0.11.4",
              "default": true
            }
          ],
          "store_path": "/nix/store/2kxm7h4hzzjwa9b9rwpyv6b9lg6yg8fi-mask-0.11.4"
        }
      }
    },
    "poetry@latest": {
      "last_modified": "2024-05-05T12:27:12Z",
      "plugin_version": "0.0.4",
      "resolved": "github:NixOS/nixpkgs/ee4a6e0f566fe5ec79968c57a9c2c3c25f2cf41d#poetry",
      "source": "devbox-search",
      "version": "1.8.2",
      "systems": {
        "aarch64-darwin": {
          "outputs": [
            {
              "name": "out",
              "path": "/nix/store/f2ccsamq9ihl22qdq1csxqq2j33i2qzm-python3.11-poetry-1.8.2",
              "default": true
            },
            {
              "name": "dist",
              "path": "/nix/store/ikxn08ng0ymr0sn4fwdnz577xnhbmfnp-python3.11-poetry-1.8.2-dist"
            }
          ],
          "store_path": "/nix/store/f2ccsamq9ihl22qdq1csxqq2j33i2qzm-python3.11-poetry-1.8.2"
        },
        "aarch64-linux": {
          "outputs": [
            {
              "name": "out",
              "path": "/nix/store/iv04hlc8xw5br8hy55zzahp779akd7di-python3.11-poetry-1.8.2",
              "default": true
            },
            {
              "name": "dist",
              "path": "/nix/store/m491b7xnhz9hbxvz07xdxcm3spib0ya2-python3.11-poetry-1.8.2-dist"
            }
          ],
          "store_path": "/nix/store/iv04hlc8xw5br8hy55zzahp779akd7di-python3.11-poetry-1.8.2"
        },
        "x86_64-darwin": {
          "outputs": [
            {
              "name": "out",
              "path": "/nix/store/gs5vyiag9w6g4ypyzy8r4ld3r004pxdz-python3.11-poetry-1.8.2",
              "default": true
            },
            {
              "name": "dist",
              "path": "/nix/store/03nqhs57pl9qi5wsfpyqh87ljfyblxga-python3.11-poetry-1.8.2-dist"
            }
          ],
          "store_path": "/nix/store/gs5vyiag9w6g4ypyzy8r4ld3r004pxdz-python3.11-poetry-1.8.2"
        },
        "x86_64-linux": {
          "outputs": [
            {
              "name": "out",
              "path": "/nix/store/91hqj12jj1249hymnvb0sd6qzm5fhz32-python3.11-poetry-1.8.2",
              "default": true
            },
            {
              "name": "dist",
              "path": "/nix/store/lf55abmxvx1vq6ypypgbzbav3q8s3hqn-python3.11-poetry-1.8.2-dist"
            }
          ],
          "store_path": "/nix/store/91hqj12jj1249hymnvb0sd6qzm5fhz32-python3.11-poetry-1.8.2"
        }
      }
    },
    "python@latest": {
      "last_modified": "2024-05-03T15:42:32Z",
      "plugin_version": "0.0.3",
      "resolved": "github:NixOS/nixpkgs/5fd8536a9a5932d4ae8de52b7dc08d92041237fc#python312",
      "source": "devbox-search",
      "version": "3.12.3",
      "systems": {
        "aarch64-darwin": {
          "outputs": [
            {
              "name": "out",
              "path": "/nix/store/7bz0d53vngyxzhs6axavfw2dhl9vwlww-python3-3.12.3",
              "default": true
            }
          ],
          "store_path": "/nix/store/7bz0d53vngyxzhs6axavfw2dhl9vwlww-python3-3.12.3"
        },
        "aarch64-linux": {
          "outputs": [
            {
              "name": "out",
              "path": "/nix/store/nw7n1zgfiwxvrlxcn6nkggvxvk6msvl9-python3-3.12.3",
              "default": true
            },
            {
              "name": "debug",
              "path": "/nix/store/arq3230cyyd6lnwrjc2h5dz994ar4410-python3-3.12.3-debug"
            }
          ],
          "store_path": "/nix/store/nw7n1zgfiwxvrlxcn6nkggvxvk6msvl9-python3-3.12.3"
        },
        "x86_64-darwin": {
          "outputs": [
            {
              "name": "out",
              "path": "/nix/store/g8jihlbhc9sv3d2i4lnagyn2mj74mmjf-python3-3.12.3",
              "default": true
            }
          ],
          "store_path": "/nix/store/g8jihlbhc9sv3d2i4lnagyn2mj74mmjf-python3-3.12.3"
        },
        "x86_64-linux": {
          "outputs": [
            {
              "name": "out",
              "path": "/nix/store/aav6i2sih47qjwz0shpl4mmpp877v16k-python3-3.12.3",
              "default": true
            },
            {
              "name": "debug",
              "path": "/nix/store/5z16qqripair99jqgdfv650qq4yq477n-python3-3.12.3-debug"
            }
          ],
          "store_path": "/nix/store/aav6i2sih47qjwz0shpl4mmpp877v16k-python3-3.12.3"
        }
      }
    },
    "watchexec@latest": {
      "last_modified": "2024-05-05T12:27:12Z",
      "resolved": "github:NixOS/nixpkgs/ee4a6e0f566fe5ec79968c57a9c2c3c25f2cf41d#watchexec",
      "source": "devbox-search",
      "version": "2.1.1",
      "systems": {
        "aarch64-darwin": {
          "outputs": [
            {
              "name": "out",
              "path": "/nix/store/hsp59qjxayk0yrd2ykbb9gbgl8s6vvvg-watchexec-2.1.1",
              "default": true
            }
          ],
          "store_path": "/nix/store/hsp59qjxayk0yrd2ykbb9gbgl8s6vvvg-watchexec-2.1.1"
        },
        "aarch64-linux": {
          "outputs": [
            {
              "name": "out",
              "path": "/nix/store/7p74ddhmw51v88676pkmbs54y4dbsmcl-watchexec-2.1.1",
              "default": true
            }
          ],
          "store_path": "/nix/store/7p74ddhmw51v88676pkmbs54y4dbsmcl-watchexec-2.1.1"
        },
        "x86_64-darwin": {
          "outputs": [
            {
              "name": "out",
              "path": "/nix/store/90vcrdg4255ypa9pb9a5j6n2jvs1vbks-watchexec-2.1.1",
              "default": true
            }
          ],
          "store_path": "/nix/store/90vcrdg4255ypa9pb9a5j6n2jvs1vbks-watchexec-2.1.1"
        },
        "x86_64-linux": {
          "outputs": [
            {
              "name": "out",
              "path": "/nix/store/h8bk78hvb1970lw6mzx24lh6gaj179l6-watchexec-2.1.1",
              "default": true
            }
          ],
          "store_path": "/nix/store/h8bk78hvb1970lw6mzx24lh6gaj179l6-watchexec-2.1.1"
        }
      }
    }
  }
}
